
Microsoft Visual Studio Solution File, Format Version 12.00
# Visual Studio Version 17
VisualStudioVersion = 17.3.32922.545
MinimumVisualStudioVersion = 10.0.40219.1
Project("{9A19103F-16F7-4668-BE54-9A1E7A4F7556}") = "EFCoreMigrationDI", "src\EFCoreMigrationDI\EFCoreMigrationDI.csproj", "{0C5E2A8B-2473-4611-BD01-8881819C1D3D}"
EndProject
Project("{2150E333-8FDC-42A3-9474-1A3956D46DE8}") = "Solution Items", "Solution Items", "{692D82A5-3E68-4442-83D6-FD2C1D1FC3F4}"
	ProjectSection(SolutionItems) = preProject
		License.md = License.md
		README.md = README.md
	EndProjectSection
EndProject
Project("{2150E333-8FDC-42A3-9474-1A3956D46DE8}") = "tests", "tests", "{8E167B44-319A-43A8-AFBE-6CA01D921873}"
EndProject
Project("{2150E333-8FDC-42A3-9474-1A3956D46DE8}") = "examples", "examples", "{2E6F6274-0231-4BAE-9C4E-D297CEC8A358}"
EndProject
Project("{2150E333-8FDC-42A3-9474-1A3956D46DE8}") = "SameAssembly", "SameAssembly", "{7EE7BBBF-72F7-44DD-AF44-C415FAFCB7CD}"
EndProject
Project("{9A19103F-16F7-4668-BE54-9A1E7A4F7556}") = "Project", "examples\SameAssembly\Project\Project.csproj", "{6E8CA187-CC22-405A-A0A7-652C2883FF62}"
EndProject
Global
	GlobalSection(SolutionConfigurationPlatforms) = preSolution
		Debug|Any CPU = Debug|Any CPU
		Release|Any CPU = Release|Any CPU
	EndGlobalSection
	GlobalSection(ProjectConfigurationPlatforms) = postSolution
		{0C5E2A8B-2473-4611-BD01-8881819C1D3D}.Debug|Any CPU.ActiveCfg = Debug|Any CPU
		{0C5E2A8B-2473-4611-BD01-8881819C1D3D}.Debug|Any CPU.Build.0 = Debug|Any CPU
		{0C5E2A8B-2473-4611-BD01-8881819C1D3D}.Release|Any CPU.ActiveCfg = Release|Any CPU
		{0C5E2A8B-2473-4611-BD01-8881819C1D3D}.Release|Any CPU.Build.0 = Release|Any CPU
		{6E8CA187-CC22-405A-A0A7-652C2883FF62}.Debug|Any CPU.ActiveCfg = Debug|Any CPU
		{6E8CA187-CC22-405A-A0A7-652C2883FF62}.Debug|Any CPU.Build.0 = Debug|Any CPU
		{6E8CA187-CC22-405A-A0A7-652C2883FF62}.Release|Any CPU.ActiveCfg = Release|Any CPU
		{6E8CA187-CC22-405A-A0A7-652C2883FF62}.Release|Any CPU.Build.0 = Release|Any CPU
	EndGlobalSection
	GlobalSection(SolutionProperties) = preSolution
		HideSolutionNode = FALSE
	EndGlobalSection
	GlobalSection(NestedProjects) = preSolution
		{7EE7BBBF-72F7-44DD-AF44-C415FAFCB7CD} = {2E6F6274-0231-4BAE-9C4E-D297CEC8A358}
		{6E8CA187-CC22-405A-A0A7-652C2883FF62} = {7EE7BBBF-72F7-44DD-AF44-C415FAFCB7CD}
	EndGlobalSection
	GlobalSection(ExtensibilityGlobals) = postSolution
		SolutionGuid = {17584795-7C56-4372-A168-84F0DAC21A82}
	EndGlobalSection
EndGlobal
